
Microsoft Visual Studio Solution File, Format Version 12.00
# Visual Studio Version 17
VisualStudioVersion = 17.14.36203.30
MinimumVisualStudioVersion = 10.0.40219.1
Project("{FAE04EC0-301F-11D3-BF4B-00C04F79EFBC}") = "RoundRobinTournaments.API", "RoundRobinTournaments.API\RoundRobinTournaments.API.csproj", "{EB24AF28-BD2A-45E4-8A14-E568CD362D2D}"
EndProject
Project("{FAE04EC0-301F-11D3-BF4B-00C04F79EFBC}") = "RoundRobinTournaments.Domain", "RoundRobinTournaments.Domain\RoundRobinTournaments.Domain.csproj", "{38508E01-68B5-48CD-8542-F5E7C7D48EE7}"
EndProject
Project("{FAE04EC0-301F-11D3-BF4B-00C04F79EFBC}") = "RoundRobinTournaments.BLL", "RoundRobinTournaments.BLL\RoundRobinTournaments.BLL.csproj", "{2B7FFF49-EA15-45E2-9572-0E6F1688B583}"
EndProject
Project("{FAE04EC0-301F-11D3-BF4B-00C04F79EFBC}") = "RoundRobinTournaments.DAL", "RoundRobinTournaments.DAL\RoundRobinTournaments.DAL.csproj", "{423A8627-5E11-4E22-9F30-F69A28F707CE}"
EndProject
Project("{2150E333-8FDC-42A3-9474-1A3956D46DE8}") = "Resources", "Resources", "{02EA681E-C7D8-13C7-8484-4AC65E1B71E8}"
	ProjectSection(SolutionItems) = preProject
		.editorconfig = .editorconfig
		.gitignore = .gitignore
		README.md = README.md
	EndProjectSection
EndProject
Project("{2150E333-8FDC-42A3-9474-1A3956D46DE8}") = "Dev", "Dev", "{50F805F0-7958-4F00-B947-EF339551AB4D}"
	ProjectSection(SolutionItems) = preProject
		DEV\History.md = DEV\History.md
	EndProjectSection
EndProject
Project("{2150E333-8FDC-42A3-9474-1A3956D46DE8}") = "Docker", "Docker", "{7F940F58-D156-4AB1-A1FB-33BA3878DE3B}"
	ProjectSection(SolutionItems) = preProject
		Docker\docker-compose.yml = Docker\docker-compose.yml
		Docker\sqlserver-fulltext.Dockerfile = Docker\sqlserver-fulltext.Dockerfile
	EndProjectSection
EndProject
Global
	GlobalSection(SolutionConfigurationPlatforms) = preSolution
		Debug|Any CPU = Debug|Any CPU
		Release|Any CPU = Release|Any CPU
	EndGlobalSection
	GlobalSection(ProjectConfigurationPlatforms) = postSolution
		{EB24AF28-BD2A-45E4-8A14-E568CD362D2D}.Debug|Any CPU.ActiveCfg = Debug|Any CPU
		{EB24AF28-BD2A-45E4-8A14-E568CD362D2D}.Debug|Any CPU.Build.0 = Debug|Any CPU
		{EB24AF28-BD2A-45E4-8A14-E568CD362D2D}.Release|Any CPU.ActiveCfg = Release|Any CPU
		{EB24AF28-BD2A-45E4-8A14-E568CD362D2D}.Release|Any CPU.Build.0 = Release|Any CPU
		{38508E01-68B5-48CD-8542-F5E7C7D48EE7}.Debug|Any CPU.ActiveCfg = Debug|Any CPU
		{38508E01-68B5-48CD-8542-F5E7C7D48EE7}.Debug|Any CPU.Build.0 = Debug|Any CPU
		{38508E01-68B5-48CD-8542-F5E7C7D48EE7}.Release|Any CPU.ActiveCfg = Release|Any CPU
		{38508E01-68B5-48CD-8542-F5E7C7D48EE7}.Release|Any CPU.Build.0 = Release|Any CPU
		{2B7FFF49-EA15-45E2-9572-0E6F1688B583}.Debug|Any CPU.ActiveCfg = Debug|Any CPU
		{2B7FFF49-EA15-45E2-9572-0E6F1688B583}.Debug|Any CPU.Build.0 = Debug|Any CPU
		{2B7FFF49-EA15-45E2-9572-0E6F1688B583}.Release|Any CPU.ActiveCfg = Release|Any CPU
		{2B7FFF49-EA15-45E2-9572-0E6F1688B583}.Release|Any CPU.Build.0 = Release|Any CPU
		{423A8627-5E11-4E22-9F30-F69A28F707CE}.Debug|Any CPU.ActiveCfg = Debug|Any CPU
		{423A8627-5E11-4E22-9F30-F69A28F707CE}.Debug|Any CPU.Build.0 = Debug|Any CPU
		{423A8627-5E11-4E22-9F30-F69A28F707CE}.Release|Any CPU.ActiveCfg = Release|Any CPU
		{423A8627-5E11-4E22-9F30-F69A28F707CE}.Release|Any CPU.Build.0 = Release|Any CPU
	EndGlobalSection
	GlobalSection(SolutionProperties) = preSolution
		HideSolutionNode = FALSE
	EndGlobalSection
	GlobalSection(NestedProjects) = preSolution
		{50F805F0-7958-4F00-B947-EF339551AB4D} = {02EA681E-C7D8-13C7-8484-4AC65E1B71E8}
		{7F940F58-D156-4AB1-A1FB-33BA3878DE3B} = {02EA681E-C7D8-13C7-8484-4AC65E1B71E8}
	EndGlobalSection
	GlobalSection(ExtensibilityGlobals) = postSolution
		SolutionGuid = {7DDF17E7-B15A-42C7-B1C9-EDB2FCA73492}
	EndGlobalSection
EndGlobal
